
Microsoft Visual Studio Solution File, Format Version 12.00
# Visual Studio Version 17
VisualStudioVersion = 17.3.32901.215
MinimumVisualStudioVersion = 10.0.40219.1
Project("{FAE04EC0-301F-11D3-BF4B-00C04F79EFBC}") = "Employee_Management_system", "Employee_Management_system\Employee_Management_system.csproj", "{365C39B9-1DE0-4FFE-8A23-51450A89B628}"
EndProject
Global
	GlobalSection(SolutionConfigurationPlatforms) = preSolution
		Debug|Any CPU = Debug|Any CPU
		Release|Any CPU = Release|Any CPU
	EndGlobalSection
	GlobalSection(ProjectConfigurationPlatforms) = postSolution
		{365C39B9-1DE0-4FFE-8A23-51450A89B628}.Debug|Any CPU.ActiveCfg = Debug|Any CPU
		{365C39B9-1DE0-4FFE-8A23-51450A89B628}.Debug|Any CPU.Build.0 = Debug|Any CPU
		{365C39B9-1DE0-4FFE-8A23-51450A89B628}.Release|Any CPU.ActiveCfg = Release|Any CPU
		{365C39B9-1DE0-4FFE-8A23-51450A89B628}.Release|Any CPU.Build.0 = Release|Any CPU
	EndGlobalSection
	GlobalSection(SolutionProperties) = preSolution
		HideSolutionNode = FALSE
	EndGlobalSection
	GlobalSection(ExtensibilityGlobals) = postSolution
		SolutionGuid = {4D290C66-CE20-4B87-96FE-8B045C062A38}
	EndGlobalSection
EndGlobal
